
Microsoft Visual Studio Solution File, Format Version 12.00
# Visual Studio 2013
VisualStudioVersion = 12.0.40629.0
MinimumVisualStudioVersion = 10.0.40219.1
Project("{2150E333-8FDC-42A3-9474-1A3956D46DE8}") = "Client", "Client", "{E79D4B60-69D8-43BE-BB27-7F3EE1660B2C}"
EndProject
Project("{2150E333-8FDC-42A3-9474-1A3956D46DE8}") = "Server", "Server", "{D8083D5C-6D4C-4AE6-AF1A-45D81119136E}"
EndProject
Project("{2150E333-8FDC-42A3-9474-1A3956D46DE8}") = "Framework", "Framework", "{132B4392-F76A-4045-AF3A-33B4CF9EDFB4}"
EndProject
Project("{2150E333-8FDC-42A3-9474-1A3956D46DE8}") = "Sandbox", "Sandbox", "{D4D7A115-33D0-4B09-AADA-A68BEDFBEB16}"
EndProject
Project("{2150E333-8FDC-42A3-9474-1A3956D46DE8}") = "masbung", "masbung", "{D19ECE0C-E20F-49EA-851D-10C5F1B88549}"
EndProject
Project("{2150E333-8FDC-42A3-9474-1A3956D46DE8}") = "eocampo", "eocampo", "{06A927A5-FE04-4790-95E1-40AC939FC7AA}"
EndProject
Project("{2150E333-8FDC-42A3-9474-1A3956D46DE8}") = "rtorres", "rtorres", "{600D0D97-3729-466E-8BC8-21B62EC0268F}"
EndProject
Project("{FAE04EC0-301F-11D3-BF4B-00C04F79EFBC}") = "GOpenServer", "Server\GOpenServer\GOpenServer.csproj", "{2654DDCA-997A-4A57-8392-B898867304A3}"
EndProject
Project("{FAE04EC0-301F-11D3-BF4B-00C04F79EFBC}") = "GOpenClientConsole", "Client\GOpenClientConsole\GOpenClientConsole.csproj", "{847A73F6-5A25-417A-BFD9-D68BDC5839BF}"
EndProject
Project("{FAE04EC0-301F-11D3-BF4B-00C04F79EFBC}") = "GOpen.Core", "Framework\GOpen.Core\GOpen.Core.csproj", "{59909022-07FF-4BE0-88D0-63113B8228D8}"
EndProject
Project("{FAE04EC0-301F-11D3-BF4B-00C04F79EFBC}") = "MOPenServer", "Sandbox\masbung\MOPenServer\MOPenServer.csproj", "{B1CFA8B7-FC7A-45F7-9111-BE77B552015A}"
EndProject
Project("{FAE04EC0-301F-11D3-BF4B-00C04F79EFBC}") = "MOPenClient", "Sandbox\masbung\MOPenClient\MOPenClient.csproj", "{53964B61-0882-4482-908C-60DFB239E309}"
EndProject
Project("{FAE04EC0-301F-11D3-BF4B-00C04F79EFBC}") = "EOPenServer", "Sandbox\eocampo\EOPenServer\EOPenServer.csproj", "{F24BC419-53C2-45CE-8C97-09F1C61D55AD}"
EndProject
Project("{FAE04EC0-301F-11D3-BF4B-00C04F79EFBC}") = "EOPenClient", "Sandbox\eocampo\EOPenClient\EOPenClient.csproj", "{F51EA15A-3981-43EE-B7AF-B3528D334AF8}"
EndProject
Project("{FAE04EC0-301F-11D3-BF4B-00C04F79EFBC}") = "ROPenServer", "Sandbox\rtorres\ROPenServer\ROPenServer.csproj", "{11CCC7EE-809A-4379-9EC2-6694D074EFB4}"
EndProject
Project("{FAE04EC0-301F-11D3-BF4B-00C04F79EFBC}") = "ROPenClient", "Sandbox\rtorres\ROPenClient\ROPenClient.csproj", "{008151D2-368F-4F90-A774-1ADE09CFF065}"
EndProject
Global
	GlobalSection(SolutionConfigurationPlatforms) = preSolution
		Debug|Any CPU = Debug|Any CPU
		Release|Any CPU = Release|Any CPU
	EndGlobalSection
	GlobalSection(ProjectConfigurationPlatforms) = postSolution
		{2654DDCA-997A-4A57-8392-B898867304A3}.Debug|Any CPU.ActiveCfg = Debug|Any CPU
		{2654DDCA-997A-4A57-8392-B898867304A3}.Debug|Any CPU.Build.0 = Debug|Any CPU
		{2654DDCA-997A-4A57-8392-B898867304A3}.Release|Any CPU.ActiveCfg = Release|Any CPU
		{2654DDCA-997A-4A57-8392-B898867304A3}.Release|Any CPU.Build.0 = Release|Any CPU
		{847A73F6-5A25-417A-BFD9-D68BDC5839BF}.Debug|Any CPU.ActiveCfg = Debug|Any CPU
		{847A73F6-5A25-417A-BFD9-D68BDC5839BF}.Debug|Any CPU.Build.0 = Debug|Any CPU
		{847A73F6-5A25-417A-BFD9-D68BDC5839BF}.Release|Any CPU.ActiveCfg = Release|Any CPU
		{847A73F6-5A25-417A-BFD9-D68BDC5839BF}.Release|Any CPU.Build.0 = Release|Any CPU
		{59909022-07FF-4BE0-88D0-63113B8228D8}.Debug|Any CPU.ActiveCfg = Debug|Any CPU
		{59909022-07FF-4BE0-88D0-63113B8228D8}.Debug|Any CPU.Build.0 = Debug|Any CPU
		{59909022-07FF-4BE0-88D0-63113B8228D8}.Release|Any CPU.ActiveCfg = Release|Any CPU
		{59909022-07FF-4BE0-88D0-63113B8228D8}.Release|Any CPU.Build.0 = Release|Any CPU
		{B1CFA8B7-FC7A-45F7-9111-BE77B552015A}.Debug|Any CPU.ActiveCfg = Debug|Any CPU
		{B1CFA8B7-FC7A-45F7-9111-BE77B552015A}.Debug|Any CPU.Build.0 = Debug|Any CPU
		{B1CFA8B7-FC7A-45F7-9111-BE77B552015A}.Release|Any CPU.ActiveCfg = Release|Any CPU
		{B1CFA8B7-FC7A-45F7-9111-BE77B552015A}.Release|Any CPU.Build.0 = Release|Any CPU
		{53964B61-0882-4482-908C-60DFB239E309}.Debug|Any CPU.ActiveCfg = Debug|Any CPU
		{53964B61-0882-4482-908C-60DFB239E309}.Debug|Any CPU.Build.0 = Debug|Any CPU
		{53964B61-0882-4482-908C-60DFB239E309}.Release|Any CPU.ActiveCfg = Release|Any CPU
		{53964B61-0882-4482-908C-60DFB239E309}.Release|Any CPU.Build.0 = Release|Any CPU
		{F24BC419-53C2-45CE-8C97-09F1C61D55AD}.Debug|Any CPU.ActiveCfg = Debug|Any CPU
		{F24BC419-53C2-45CE-8C97-09F1C61D55AD}.Debug|Any CPU.Build.0 = Debug|Any CPU
		{F24BC419-53C2-45CE-8C97-09F1C61D55AD}.Release|Any CPU.ActiveCfg = Release|Any CPU
		{F24BC419-53C2-45CE-8C97-09F1C61D55AD}.Release|Any CPU.Build.0 = Release|Any CPU
		{F51EA15A-3981-43EE-B7AF-B3528D334AF8}.Debug|Any CPU.ActiveCfg = Debug|Any CPU
		{F51EA15A-3981-43EE-B7AF-B3528D334AF8}.Debug|Any CPU.Build.0 = Debug|Any CPU
		{F51EA15A-3981-43EE-B7AF-B3528D334AF8}.Release|Any CPU.ActiveCfg = Release|Any CPU
		{F51EA15A-3981-43EE-B7AF-B3528D334AF8}.Release|Any CPU.Build.0 = Release|Any CPU
		{11CCC7EE-809A-4379-9EC2-6694D074EFB4}.Debug|Any CPU.ActiveCfg = Debug|Any CPU
		{11CCC7EE-809A-4379-9EC2-6694D074EFB4}.Debug|Any CPU.Build.0 = Debug|Any CPU
		{11CCC7EE-809A-4379-9EC2-6694D074EFB4}.Release|Any CPU.ActiveCfg = Release|Any CPU
		{11CCC7EE-809A-4379-9EC2-6694D074EFB4}.Release|Any CPU.Build.0 = Release|Any CPU
		{008151D2-368F-4F90-A774-1ADE09CFF065}.Debug|Any CPU.ActiveCfg = Debug|Any CPU
		{008151D2-368F-4F90-A774-1ADE09CFF065}.Debug|Any CPU.Build.0 = Debug|Any CPU
		{008151D2-368F-4F90-A774-1ADE09CFF065}.Release|Any CPU.ActiveCfg = Release|Any CPU
		{008151D2-368F-4F90-A774-1ADE09CFF065}.Release|Any CPU.Build.0 = Release|Any CPU
	EndGlobalSection
	GlobalSection(SolutionProperties) = preSolution
		HideSolutionNode = FALSE
	EndGlobalSection
	GlobalSection(NestedProjects) = preSolution
		{D19ECE0C-E20F-49EA-851D-10C5F1B88549} = {D4D7A115-33D0-4B09-AADA-A68BEDFBEB16}
		{06A927A5-FE04-4790-95E1-40AC939FC7AA} = {D4D7A115-33D0-4B09-AADA-A68BEDFBEB16}
		{600D0D97-3729-466E-8BC8-21B62EC0268F} = {D4D7A115-33D0-4B09-AADA-A68BEDFBEB16}
		{2654DDCA-997A-4A57-8392-B898867304A3} = {D8083D5C-6D4C-4AE6-AF1A-45D81119136E}
		{847A73F6-5A25-417A-BFD9-D68BDC5839BF} = {E79D4B60-69D8-43BE-BB27-7F3EE1660B2C}
		{59909022-07FF-4BE0-88D0-63113B8228D8} = {132B4392-F76A-4045-AF3A-33B4CF9EDFB4}
		{B1CFA8B7-FC7A-45F7-9111-BE77B552015A} = {D19ECE0C-E20F-49EA-851D-10C5F1B88549}
		{53964B61-0882-4482-908C-60DFB239E309} = {D19ECE0C-E20F-49EA-851D-10C5F1B88549}
		{F24BC419-53C2-45CE-8C97-09F1C61D55AD} = {06A927A5-FE04-4790-95E1-40AC939FC7AA}
		{F51EA15A-3981-43EE-B7AF-B3528D334AF8} = {06A927A5-FE04-4790-95E1-40AC939FC7AA}
		{11CCC7EE-809A-4379-9EC2-6694D074EFB4} = {600D0D97-3729-466E-8BC8-21B62EC0268F}
		{008151D2-368F-4F90-A774-1ADE09CFF065} = {600D0D97-3729-466E-8BC8-21B62EC0268F}
	EndGlobalSection
EndGlobal
